
Microsoft Visual Studio Solution File, Format Version 12.00
# Visual Studio Version 17
VisualStudioVersion = 17.0.31903.59
MinimumVisualStudioVersion = 10.0.40219.1
Project("{2150E333-8FDC-42A3-9474-1A3956D46DE8}") = "src", "src", "{05FD7174-25B8-449C-B378-625E242F4BCE}"
EndProject
Project("{FAE04EC0-301F-11D3-BF4B-00C04F79EFBC}") = "Console", "src\Console\Console.csproj", "{B56956DD-A884-4C40-953D-8D9D1A46569A}"
EndProject
Project("{FAE04EC0-301F-11D3-BF4B-00C04F79EFBC}") = "WebApp", "src\WebApp\WebApp.csproj", "{4AA1DCC4-E0CB-4DBF-A914-2E50A9137BC9}"
EndProject
Project("{FAE04EC0-301F-11D3-BF4B-00C04F79EFBC}") = "Services", "src\Services\Services.csproj", "{84D5537F-4F35-470D-A7D5-F3DDFE0D8CB9}"
EndProject
Global
	GlobalSection(SolutionConfigurationPlatforms) = preSolution
		Debug|Any CPU = Debug|Any CPU
		Release|Any CPU = Release|Any CPU
	EndGlobalSection
	GlobalSection(SolutionProperties) = preSolution
		HideSolutionNode = FALSE
	EndGlobalSection
	GlobalSection(ProjectConfigurationPlatforms) = postSolution
		{B56956DD-A884-4C40-953D-8D9D1A46569A}.Debug|Any CPU.ActiveCfg = Debug|Any CPU
		{B56956DD-A884-4C40-953D-8D9D1A46569A}.Debug|Any CPU.Build.0 = Debug|Any CPU
		{B56956DD-A884-4C40-953D-8D9D1A46569A}.Release|Any CPU.ActiveCfg = Release|Any CPU
		{B56956DD-A884-4C40-953D-8D9D1A46569A}.Release|Any CPU.Build.0 = Release|Any CPU
		{4AA1DCC4-E0CB-4DBF-A914-2E50A9137BC9}.Debug|Any CPU.ActiveCfg = Debug|Any CPU
		{4AA1DCC4-E0CB-4DBF-A914-2E50A9137BC9}.Debug|Any CPU.Build.0 = Debug|Any CPU
		{4AA1DCC4-E0CB-4DBF-A914-2E50A9137BC9}.Release|Any CPU.ActiveCfg = Release|Any CPU
		{4AA1DCC4-E0CB-4DBF-A914-2E50A9137BC9}.Release|Any CPU.Build.0 = Release|Any CPU
		{84D5537F-4F35-470D-A7D5-F3DDFE0D8CB9}.Debug|Any CPU.ActiveCfg = Debug|Any CPU
		{84D5537F-4F35-470D-A7D5-F3DDFE0D8CB9}.Debug|Any CPU.Build.0 = Debug|Any CPU
		{84D5537F-4F35-470D-A7D5-F3DDFE0D8CB9}.Release|Any CPU.ActiveCfg = Release|Any CPU
		{84D5537F-4F35-470D-A7D5-F3DDFE0D8CB9}.Release|Any CPU.Build.0 = Release|Any CPU
	EndGlobalSection
	GlobalSection(NestedProjects) = preSolution
		{B56956DD-A884-4C40-953D-8D9D1A46569A} = {05FD7174-25B8-449C-B378-625E242F4BCE}
		{4AA1DCC4-E0CB-4DBF-A914-2E50A9137BC9} = {05FD7174-25B8-449C-B378-625E242F4BCE}
		{84D5537F-4F35-470D-A7D5-F3DDFE0D8CB9} = {05FD7174-25B8-449C-B378-625E242F4BCE}
	EndGlobalSection
EndGlobal
